
Microsoft Visual Studio Solution File, Format Version 12.00
# Visual Studio 2012
Project("{FAE04EC0-301F-11D3-BF4B-00C04F79EFBC}") = "MobileSoreWebsite", "MobileSoreWebsite\MobileSoreWebsite.csproj", "{F6079170-9ABD-4094-A68C-ADE4E06EABCA}"
EndProject
Project("{FAE04EC0-301F-11D3-BF4B-00C04F79EFBC}") = "MobileStoreBLL", "MobileStoreBLL\MobileStoreBLL.csproj", "{577762A7-58F9-40D2-B32D-C682FF6D2602}"
EndProject
Global
	GlobalSection(SolutionConfigurationPlatforms) = preSolution
		Debug|Any CPU = Debug|Any CPU
		Release|Any CPU = Release|Any CPU
	EndGlobalSection
	GlobalSection(ProjectConfigurationPlatforms) = postSolution
		{F6079170-9ABD-4094-A68C-ADE4E06EABCA}.Debug|Any CPU.ActiveCfg = Debug|Any CPU
		{F6079170-9ABD-4094-A68C-ADE4E06EABCA}.Debug|Any CPU.Build.0 = Debug|Any CPU
		{F6079170-9ABD-4094-A68C-ADE4E06EABCA}.Release|Any CPU.ActiveCfg = Release|Any CPU
		{F6079170-9ABD-4094-A68C-ADE4E06EABCA}.Release|Any CPU.Build.0 = Release|Any CPU
		{577762A7-58F9-40D2-B32D-C682FF6D2602}.Debug|Any CPU.ActiveCfg = Debug|Any CPU
		{577762A7-58F9-40D2-B32D-C682FF6D2602}.Debug|Any CPU.Build.0 = Debug|Any CPU
		{577762A7-58F9-40D2-B32D-C682FF6D2602}.Release|Any CPU.ActiveCfg = Release|Any CPU
		{577762A7-58F9-40D2-B32D-C682FF6D2602}.Release|Any CPU.Build.0 = Release|Any CPU
	EndGlobalSection
	GlobalSection(SolutionProperties) = preSolution
		HideSolutionNode = FALSE
	EndGlobalSection
EndGlobal
